<?xml version="1.0" encoding="utf-8"?>
<Project ToolsVersion="4.0" xmlns="http://schemas.microsoft.com/developer/msbuild/2003">
  <ItemGroup>
    <Filter Include="Archivos de origen">
      <UniqueIdentifier>{4FC737F1-C7A5-4376-A066-2A32D752A2FF}</UniqueIdentifier>
      <Extensions>cpp;c;cc;cxx;c++;cppm;ixx;def;odl;idl;hpj;bat;asm;asmx</Extensions>
    </Filter>
    <Filter Include="Archivos de encabezado">
      <UniqueIdentifier>{93995380-89BD-4b04-88EB-625FBE52EBFB}</UniqueIdentifier>
      <Extensions>h;hh;hpp;hxx;h++;hm;inl;inc;ipp;xsd</Extensions>
    </Filter>
    <Filter Include="Archivos de recursos">
      <UniqueIdentifier>{67DA6AB6-F800-4c08-8B7A-83BB121AAD01}</UniqueIdentifier>
      <Extensions>rc;ico;cur;bmp;dlg;rc2;rct;bin;rgs;gif;jpg;jpeg;jpe;resx;tiff;tif;png;wav;mfcribbon-ms</Extensions>
    </Filter>
  </ItemGroup>
  <ItemGroup>
    <ClInclude Include="cComensal.h">
      <Filter>Archivos de encabezado</Filter>
    </ClInclude>
    <ClInclude Include="cComida.h">
      <Filter>Archivos de encabezado</Filter>
    </ClInclude>
    <ClInclude Include="cVegetariano.h">
      <Filter>Archivos de encabezado</Filter>
    </ClInclude>
    <ClInclude Include="cAlternado.h">
      <Filter>Archivos de encabezado</Filter>
    </ClInclude>
    <ClInclude Include="cDietetico.h">
      <Filter>Archivos de encabezado</Filter>
    </ClInclude>
    <ClInclude Include="cAyudantes.h">
      <Filter>Archivos de encabezado</Filter>
    </ClInclude>
    <ClInclude Include="cVegano.h">
      <Filter>Archivos de encabezado</Filter>
    </ClInclude>
    <ClInclude Include="cMesa.h">
      <Filter>Archivos de encabezado</Filter>
    </ClInclude>
    <ClInclude Include="enumPosicionMesa.h">
      <Filter>Archivos de origen</Filter>
    </ClInclude>
  </ItemGroup>
  <ItemGroup>
    <ClCompile Include="cComensal.cpp">
      <Filter>Archivos de origen</Filter>
    </ClCompile>
    <ClCompile Include="cComida.cpp">
      <Filter>Archivos de origen</Filter>
    </ClCompile>
    <ClCompile Include="cVegetariano.cpp">
      <Filter>Archivos de origen</Filter>
    </ClCompile>
    <ClCompile Include="cAlternado.cpp">
      <Filter>Archivos de origen</Filter>
    </ClCompile>
    <ClCompile Include="cDietetico.cpp">
      <Filter>Archivos de origen</Filter>
    </ClCompile>
    <ClCompile Include="cAyudantes.cpp">
      <Filter>Archivos de origen</Filter>
    </ClCompile>
    <ClCompile Include="cVegano.cpp">
      <Filter>Archivos de origen</Filter>
    </ClCompile>
    <ClCompile Include="cMesa.cpp">
      <Filter>Archivos de origen</Filter>
    </ClCompile>
    <ClCompile Include="main.cpp">
      <Filter>Archivos de origen</Filter>
    </ClCompile>
  </ItemGroup>
</Project>